
Microsoft Visual Studio Solution File, Format Version 12.00
# Visual Studio Version 17
VisualStudioVersion = 17.3.32819.101
MinimumVisualStudioVersion = 10.0.40219.1
Project("{FAE04EC0-301F-11D3-BF4B-00C04F79EFBC}") = "DatabaseAverageScore", "DatabaseAverageScore\DatabaseAverageScore.csproj", "{3E8D9E0E-B376-4D72-B5F2-7E91D4609F6C}"
EndProject
Global
	GlobalSection(SolutionConfigurationPlatforms) = preSolution
		Debug|Any CPU = Debug|Any CPU
		Release|Any CPU = Release|Any CPU
	EndGlobalSection
	GlobalSection(ProjectConfigurationPlatforms) = postSolution
		{3E8D9E0E-B376-4D72-B5F2-7E91D4609F6C}.Debug|Any CPU.ActiveCfg = Debug|Any CPU
		{3E8D9E0E-B376-4D72-B5F2-7E91D4609F6C}.Debug|Any CPU.Build.0 = Debug|Any CPU
		{3E8D9E0E-B376-4D72-B5F2-7E91D4609F6C}.Release|Any CPU.ActiveCfg = Release|Any CPU
		{3E8D9E0E-B376-4D72-B5F2-7E91D4609F6C}.Release|Any CPU.Build.0 = Release|Any CPU
	EndGlobalSection
	GlobalSection(SolutionProperties) = preSolution
		HideSolutionNode = FALSE
	EndGlobalSection
	GlobalSection(ExtensibilityGlobals) = postSolution
		SolutionGuid = {6FA7E33A-1709-41B5-B4A5-E3CD8570C808}
	EndGlobalSection
EndGlobal
